
Microsoft Visual Studio Solution File, Format Version 12.00
# Visual Studio Version 17
VisualStudioVersion = 17.14.36310.24
MinimumVisualStudioVersion = 10.0.40219.1
Project("{FAE04EC0-301F-11D3-BF4B-00C04F79EFBC}") = "Example 2", "Example 2.csproj", "{543A91AF-CC71-4192-AF9B-42B0EA138DF9}"
EndProject
Project("{FAE04EC0-301F-11D3-BF4B-00C04F79EFBC}") = "ItemsSerwerApp", "..\ItemsSerwerApp\ItemsSerwerApp.csproj", "{424E1545-DC51-4F18-B414-1541A359CFC4}"
EndProject
Project("{FAE04EC0-301F-11D3-BF4B-00C04F79EFBC}") = "HttpListenerServer", "..\HttpListenerServer\HttpListenerServer.csproj", "{3A14A245-229F-40D7-9CE8-87D87E7D0422}"
EndProject
Project("{FAE04EC0-301F-11D3-BF4B-00C04F79EFBC}") = "Wallet", "..\Wallet\Wallet.csproj", "{36CBDB88-A297-4578-A275-8EB77A0EE79E}"
EndProject
Global
	GlobalSection(SolutionConfigurationPlatforms) = preSolution
		Debug|Any CPU = Debug|Any CPU
		Release|Any CPU = Release|Any CPU
	EndGlobalSection
	GlobalSection(ProjectConfigurationPlatforms) = postSolution
		{543A91AF-CC71-4192-AF9B-42B0EA138DF9}.Debug|Any CPU.ActiveCfg = Debug|Any CPU
		{543A91AF-CC71-4192-AF9B-42B0EA138DF9}.Debug|Any CPU.Build.0 = Debug|Any CPU
		{543A91AF-CC71-4192-AF9B-42B0EA138DF9}.Release|Any CPU.ActiveCfg = Release|Any CPU
		{543A91AF-CC71-4192-AF9B-42B0EA138DF9}.Release|Any CPU.Build.0 = Release|Any CPU
		{424E1545-DC51-4F18-B414-1541A359CFC4}.Debug|Any CPU.ActiveCfg = Debug|Any CPU
		{424E1545-DC51-4F18-B414-1541A359CFC4}.Debug|Any CPU.Build.0 = Debug|Any CPU
		{424E1545-DC51-4F18-B414-1541A359CFC4}.Release|Any CPU.ActiveCfg = Release|Any CPU
		{424E1545-DC51-4F18-B414-1541A359CFC4}.Release|Any CPU.Build.0 = Release|Any CPU
		{3A14A245-229F-40D7-9CE8-87D87E7D0422}.Debug|Any CPU.ActiveCfg = Debug|Any CPU
		{3A14A245-229F-40D7-9CE8-87D87E7D0422}.Debug|Any CPU.Build.0 = Debug|Any CPU
		{3A14A245-229F-40D7-9CE8-87D87E7D0422}.Release|Any CPU.ActiveCfg = Release|Any CPU
		{3A14A245-229F-40D7-9CE8-87D87E7D0422}.Release|Any CPU.Build.0 = Release|Any CPU
		{36CBDB88-A297-4578-A275-8EB77A0EE79E}.Debug|Any CPU.ActiveCfg = Debug|Any CPU
		{36CBDB88-A297-4578-A275-8EB77A0EE79E}.Debug|Any CPU.Build.0 = Debug|Any CPU
		{36CBDB88-A297-4578-A275-8EB77A0EE79E}.Release|Any CPU.ActiveCfg = Release|Any CPU
		{36CBDB88-A297-4578-A275-8EB77A0EE79E}.Release|Any CPU.Build.0 = Release|Any CPU
	EndGlobalSection
	GlobalSection(SolutionProperties) = preSolution
		HideSolutionNode = FALSE
	EndGlobalSection
	GlobalSection(ExtensibilityGlobals) = postSolution
		SolutionGuid = {FB4621D9-A10B-48D6-8E65-69279533B11B}
	EndGlobalSection
EndGlobal
